
Microsoft Visual Studio Solution File, Format Version 12.00
# Visual Studio Version 17
VisualStudioVersion = 17.13.35919.96
MinimumVisualStudioVersion = 10.0.40219.1
Project("{FAE04EC0-301F-11D3-BF4B-00C04F79EFBC}") = "Project2", "Project2\Project2.csproj", "{248ED48C-1839-48C1-8C9E-4D1E7A38B633}"
EndProject
Project("{FAE04EC0-301F-11D3-BF4B-00C04F79EFBC}") = "Project2.Tests", "..\Project2.Tests\Project2.Tests\Project2.Tests.csproj", "{CEAC9768-81DB-0FF4-3F54-79C5973459F0}"
EndProject
Global
	GlobalSection(SolutionConfigurationPlatforms) = preSolution
		Debug|Any CPU = Debug|Any CPU
		Release|Any CPU = Release|Any CPU
	EndGlobalSection
	GlobalSection(ProjectConfigurationPlatforms) = postSolution
		{248ED48C-1839-48C1-8C9E-4D1E7A38B633}.Debug|Any CPU.ActiveCfg = Debug|Any CPU
		{248ED48C-1839-48C1-8C9E-4D1E7A38B633}.Debug|Any CPU.Build.0 = Debug|Any CPU
		{248ED48C-1839-48C1-8C9E-4D1E7A38B633}.Release|Any CPU.ActiveCfg = Release|Any CPU
		{248ED48C-1839-48C1-8C9E-4D1E7A38B633}.Release|Any CPU.Build.0 = Release|Any CPU
		{CEAC9768-81DB-0FF4-3F54-79C5973459F0}.Debug|Any CPU.ActiveCfg = Debug|Any CPU
		{CEAC9768-81DB-0FF4-3F54-79C5973459F0}.Debug|Any CPU.Build.0 = Debug|Any CPU
		{CEAC9768-81DB-0FF4-3F54-79C5973459F0}.Release|Any CPU.ActiveCfg = Release|Any CPU
		{CEAC9768-81DB-0FF4-3F54-79C5973459F0}.Release|Any CPU.Build.0 = Release|Any CPU
	EndGlobalSection
	GlobalSection(SolutionProperties) = preSolution
		HideSolutionNode = FALSE
	EndGlobalSection
	GlobalSection(ExtensibilityGlobals) = postSolution
		SolutionGuid = {5EFF439D-3E68-417F-BF42-8836D80D17B9}
	EndGlobalSection
EndGlobal
