
Microsoft Visual Studio Solution File, Format Version 12.00
# Visual Studio Version 17
VisualStudioVersion = 17.13.35919.96 d17.13
MinimumVisualStudioVersion = 10.0.40219.1
Project("{FAE04EC0-301F-11D3-BF4B-00C04F79EFBC}") = "Lab1Menu", "Lab1Menu\Lab1Menu.csproj", "{B8850664-EB0A-4DA7-96C3-3A10272C5C78}"
EndProject
Global
	GlobalSection(SolutionConfigurationPlatforms) = preSolution
		Debug|Any CPU = Debug|Any CPU
		Release|Any CPU = Release|Any CPU
	EndGlobalSection
	GlobalSection(ProjectConfigurationPlatforms) = postSolution
		{B8850664-EB0A-4DA7-96C3-3A10272C5C78}.Debug|Any CPU.ActiveCfg = Debug|Any CPU
		{B8850664-EB0A-4DA7-96C3-3A10272C5C78}.Debug|Any CPU.Build.0 = Debug|Any CPU
		{B8850664-EB0A-4DA7-96C3-3A10272C5C78}.Release|Any CPU.ActiveCfg = Release|Any CPU
		{B8850664-EB0A-4DA7-96C3-3A10272C5C78}.Release|Any CPU.Build.0 = Release|Any CPU
	EndGlobalSection
	GlobalSection(SolutionProperties) = preSolution
		HideSolutionNode = FALSE
	EndGlobalSection
	GlobalSection(ExtensibilityGlobals) = postSolution
		SolutionGuid = {16F53BFC-3191-4CC9-A091-92434FFB470E}
	EndGlobalSection
EndGlobal
