
Microsoft Visual Studio Solution File, Format Version 12.00
# Visual Studio Version 17
VisualStudioVersion = 17.13.35919.96 d17.13
MinimumVisualStudioVersion = 10.0.40219.1
Project("{FAE04EC0-301F-11D3-BF4B-00C04F79EFBC}") = "FrequencyAnalysis", "FrequencyAnalysis\FrequencyAnalysis.csproj", "{52433221-F91C-47B9-B702-23C962E25BC6}"
EndProject
Global
	GlobalSection(SolutionConfigurationPlatforms) = preSolution
		Debug|Any CPU = Debug|Any CPU
		Release|Any CPU = Release|Any CPU
	EndGlobalSection
	GlobalSection(ProjectConfigurationPlatforms) = postSolution
		{52433221-F91C-47B9-B702-23C962E25BC6}.Debug|Any CPU.ActiveCfg = Debug|Any CPU
		{52433221-F91C-47B9-B702-23C962E25BC6}.Debug|Any CPU.Build.0 = Debug|Any CPU
		{52433221-F91C-47B9-B702-23C962E25BC6}.Release|Any CPU.ActiveCfg = Release|Any CPU
		{52433221-F91C-47B9-B702-23C962E25BC6}.Release|Any CPU.Build.0 = Release|Any CPU
	EndGlobalSection
	GlobalSection(SolutionProperties) = preSolution
		HideSolutionNode = FALSE
	EndGlobalSection
	GlobalSection(ExtensibilityGlobals) = postSolution
		SolutionGuid = {1603F742-AD20-48F9-BE88-598CFD25E842}
	EndGlobalSection
EndGlobal
